
Microsoft Visual Studio Solution File, Format Version 12.00
# Visual Studio Version 16
VisualStudioVersion = 25.0.1706.0
MinimumVisualStudioVersion = 10.0.40219.1
Project("{2150E333-8FDC-42A3-9474-1A3956D46DE8}") = "Core", "Core", "{C0EF7768-E410-45B2-B171-21CFF0FBE9CE}"
EndProject
Project("{2150E333-8FDC-42A3-9474-1A3956D46DE8}") = "Infrastructure", "Infrastructure", "{E6A592E6-F2F3-4C07-A768-F883163E1CD0}"
EndProject
Project("{2150E333-8FDC-42A3-9474-1A3956D46DE8}") = "Presentation", "Presentation", "{6DCF9F31-C0B9-4785-A380-EAE6446FE7EF}"
EndProject
Project("{FAE04EC0-301F-11D3-BF4B-00C04F79EFBC}") = "Fatura.Domain", "Core\Fatura.Domain\Fatura.Domain.csproj", "{83815806-9373-41AC-AFE4-A2C0323B0DCF}"
EndProject
Project("{FAE04EC0-301F-11D3-BF4B-00C04F79EFBC}") = "Fatura.Application", "Core\Fatura.Application\Fatura.Application.csproj", "{C289E31C-7C82-4550-87C0-9A10DD97DC98}"
EndProject
Project("{FAE04EC0-301F-11D3-BF4B-00C04F79EFBC}") = "Fatura.Infrastructure", "Infrastructure\Fatura.Infrastructure\Fatura.Infrastructure.csproj", "{24F6A5D9-E66C-4489-B9D7-20E04818407E}"
EndProject
Project("{FAE04EC0-301F-11D3-BF4B-00C04F79EFBC}") = "Fatura.Persistance", "Infrastructure\Fatura.Persistance\Fatura.Persistance.csproj", "{7337E6C8-BD27-4831-9F17-FDC1F2AFD338}"
EndProject
Project("{FAE04EC0-301F-11D3-BF4B-00C04F79EFBC}") = "Fatura.Presentation", "Presentation\Fatura.Presentation\Fatura.Presentation.csproj", "{90101AC6-123B-48CE-A75A-C3A900AE40B0}"
EndProject
Global
	GlobalSection(SolutionConfigurationPlatforms) = preSolution
		Debug|Any CPU = Debug|Any CPU
		Release|Any CPU = Release|Any CPU
	EndGlobalSection
	GlobalSection(ProjectConfigurationPlatforms) = postSolution
		{83815806-9373-41AC-AFE4-A2C0323B0DCF}.Debug|Any CPU.ActiveCfg = Debug|Any CPU
		{83815806-9373-41AC-AFE4-A2C0323B0DCF}.Debug|Any CPU.Build.0 = Debug|Any CPU
		{83815806-9373-41AC-AFE4-A2C0323B0DCF}.Release|Any CPU.ActiveCfg = Release|Any CPU
		{83815806-9373-41AC-AFE4-A2C0323B0DCF}.Release|Any CPU.Build.0 = Release|Any CPU
		{C289E31C-7C82-4550-87C0-9A10DD97DC98}.Debug|Any CPU.ActiveCfg = Debug|Any CPU
		{C289E31C-7C82-4550-87C0-9A10DD97DC98}.Debug|Any CPU.Build.0 = Debug|Any CPU
		{C289E31C-7C82-4550-87C0-9A10DD97DC98}.Release|Any CPU.ActiveCfg = Release|Any CPU
		{C289E31C-7C82-4550-87C0-9A10DD97DC98}.Release|Any CPU.Build.0 = Release|Any CPU
		{24F6A5D9-E66C-4489-B9D7-20E04818407E}.Debug|Any CPU.ActiveCfg = Debug|Any CPU
		{24F6A5D9-E66C-4489-B9D7-20E04818407E}.Debug|Any CPU.Build.0 = Debug|Any CPU
		{24F6A5D9-E66C-4489-B9D7-20E04818407E}.Release|Any CPU.ActiveCfg = Release|Any CPU
		{24F6A5D9-E66C-4489-B9D7-20E04818407E}.Release|Any CPU.Build.0 = Release|Any CPU
		{7337E6C8-BD27-4831-9F17-FDC1F2AFD338}.Debug|Any CPU.ActiveCfg = Debug|Any CPU
		{7337E6C8-BD27-4831-9F17-FDC1F2AFD338}.Debug|Any CPU.Build.0 = Debug|Any CPU
		{7337E6C8-BD27-4831-9F17-FDC1F2AFD338}.Release|Any CPU.ActiveCfg = Release|Any CPU
		{7337E6C8-BD27-4831-9F17-FDC1F2AFD338}.Release|Any CPU.Build.0 = Release|Any CPU
		{90101AC6-123B-48CE-A75A-C3A900AE40B0}.Debug|Any CPU.ActiveCfg = Debug|Any CPU
		{90101AC6-123B-48CE-A75A-C3A900AE40B0}.Debug|Any CPU.Build.0 = Debug|Any CPU
		{90101AC6-123B-48CE-A75A-C3A900AE40B0}.Release|Any CPU.ActiveCfg = Release|Any CPU
		{90101AC6-123B-48CE-A75A-C3A900AE40B0}.Release|Any CPU.Build.0 = Release|Any CPU
	EndGlobalSection
	GlobalSection(SolutionProperties) = preSolution
		HideSolutionNode = FALSE
	EndGlobalSection
	GlobalSection(ExtensibilityGlobals) = postSolution
		SolutionGuid = {F4911BBB-3963-4053-9454-D5AE213CD472}
	EndGlobalSection
	GlobalSection(NestedProjects) = preSolution
		{83815806-9373-41AC-AFE4-A2C0323B0DCF} = {C0EF7768-E410-45B2-B171-21CFF0FBE9CE}
		{C289E31C-7C82-4550-87C0-9A10DD97DC98} = {C0EF7768-E410-45B2-B171-21CFF0FBE9CE}
		{24F6A5D9-E66C-4489-B9D7-20E04818407E} = {E6A592E6-F2F3-4C07-A768-F883163E1CD0}
		{7337E6C8-BD27-4831-9F17-FDC1F2AFD338} = {E6A592E6-F2F3-4C07-A768-F883163E1CD0}
		{90101AC6-123B-48CE-A75A-C3A900AE40B0} = {6DCF9F31-C0B9-4785-A380-EAE6446FE7EF}
	EndGlobalSection
EndGlobal
